PODS:
  - LookinServer (1.1.5):
    - LookinServer/Core (= 1.1.5)
  - LookinServer/Core (1.1.5)
  - Yoga (1.14.0)
  - YYModel (1.0.4)
  - ZDFlexLayoutKit (0.2.3):
    - ZDFlexLayoutKit/Core (= 0.2.3)
    - ZDFlexLayoutKit/Header (= 0.2.3)
    - ZDFlexLayoutKit/Helper (= 0.2.3)
    - ZDFlexLayoutKit/OCMaker (= 0.2.3)
    - ZDFlexLayoutKit/SwiftMaker (= 0.2.3)
  - ZDFlexLayoutKit/Core (0.2.3):
    - Yoga
    - ZDFlexLayoutKit/Header
  - ZDFlexLayoutKit/Header (0.2.3)
  - ZDFlexLayoutKit/Helper (0.2.3):
    - ZDFlexLayoutKit/Core
    - ZDFlexLayoutKit/Header
  - ZDFlexLayoutKit/OCMaker (0.2.3):
    - ZDFlexLayoutKit/Core
    - ZDFlexLayoutKit/Header
  - ZDFlexLayoutKit/SwiftMaker (0.2.3):
    - ZDFlexLayoutKit/Core

DEPENDENCIES:
  - LookinServer
  - YYModel
  - ZDFlexLayoutKit (from `../ZDFlexLayoutKit.podspec`)

SPEC REPOS:
  trunk:
    - LookinServer
    - Yoga
    - YYModel

EXTERNAL SOURCES:
  ZDFlexLayoutKit:
    :path: "../ZDFlexLayoutKit.podspec"

SPEC CHECKSUMS:
  LookinServer: 2893f2bae53cbf3fd49bbe1a8ea1745582ef1317
  Yoga: cff67a400f6b74dc38eb0bad4f156673d9aa980c
  YYModel: 2a7fdd96aaa4b86a824e26d0c517de8928c04b30
  ZDFlexLayoutKit: c0d024d27d18b047caeaf72a7a83cec51d31b31a

PODFILE CHECKSUM: e9b40d8910950cbfb2e92b9e8be1b940ec5194a6

COCOAPODS: 1.12.0
