PODS:
  - LookinServer (1.2.8):
    - LookinServer/Core (= 1.2.8)
  - LookinServer/Core (1.2.8)
  - Yoga (3.2.0)
  - YYModel (1.0.4)
  - ZDFlexLayoutKit (0.3.3):
    - ZDFlexLayoutKit/Core (= 0.3.3)
    - ZDFlexLayoutKit/Header (= 0.3.3)
    - ZDFlexLayoutKit/Helper (= 0.3.3)
    - ZDFlexLayoutKit/OCMaker (= 0.3.3)
    - ZDFlexLayoutKit/SwiftMaker (= 0.3.3)
  - ZDFlexLayoutKit/Core (0.3.3):
    - Yoga
    - ZDFlexLayoutKit/Header
  - ZDFlexLayoutKit/Header (0.3.3)
  - ZDFlexLayoutKit/Helper (0.3.3):
    - ZDFlexLayoutKit/Core
    - ZDFlexLayoutKit/Header
  - ZDFlexLayoutKit/OCMaker (0.3.3):
    - ZDFlexLayoutKit/Core
    - ZDFlexLayoutKit/Header
  - ZDFlexLayoutKit/SwiftMaker (0.3.3):
    - ZDFlexLayoutKit/Core

DEPENDENCIES:
  - LookinServer
  - Yoga (from `../Yoga.podspec`)
  - YYModel
  - ZDFlexLayoutKit (from `../ZDFlexLayoutKit.podspec`)

SPEC REPOS:
  trunk:
    - LookinServer
    - YYModel

EXTERNAL SOURCES:
  Yoga:
    :podspec: "../Yoga.podspec"
  ZDFlexLayoutKit:
    :path: "../ZDFlexLayoutKit.podspec"

SPEC CHECKSUMS:
  LookinServer: 1b2b61c6402ae29fa22182d48f5cd067b4e99e80
  Yoga: 24c01073193ffc79595c8e1562f1ba7af6e519a5
  YYModel: 2a7fdd96aaa4b86a824e26d0c517de8928c04b30
  ZDFlexLayoutKit: a5b1aedae23f4d25783ffa2a61ddd5b9fabcaff3

PODFILE CHECKSUM: ef963f6643781029b84372e1521b634acefaa16b

COCOAPODS: 1.16.2
