PODS:
  - libffi-core (1.2.0)
  - Yoga (1.14.0)
  - YYModel (1.0.4)
  - ZDToolKit (0.0.4):
    - ZDToolKit/ZDAutoLayout (= 0.0.4)
    - ZDToolKit/ZDCategory (= 0.0.4)
    - ZDToolKit/ZDDebug (= 0.0.4)
    - ZDToolKit/ZDMacros (= 0.0.4)
    - ZDToolKit/ZDMRC (= 0.0.4)
    - ZDToolKit/ZDRuntime (= 0.0.4)
    - ZDToolKit/ZDSubclass (= 0.0.4)
    - ZDToolKit/ZDTools (= 0.0.4)
  - ZDToolKit/ZDAutoLayout (0.0.4)
  - ZDToolKit/ZDCategory (0.0.4):
    - ZDToolKit/ZDCategory/Foundation (= 0.0.4)
    - ZDToolKit/ZDCategory/UIKit (= 0.0.4)
    - ZDToolKit/ZDMacros
  - ZDToolKit/ZDCategory/Foundation (0.0.4):
    - ZDToolKit/ZDMacros
  - ZDToolKit/ZDCategory/UIKit (0.0.4):
    - ZDToolKit/ZDMacros
    - ZDToolKit/ZDTools/ZDProxy
  - ZDToolKit/ZDDebug (0.0.4)
  - ZDToolKit/ZDMacros (0.0.4)
  - ZDToolKit/ZDMRC (0.0.4)
  - ZDToolKit/ZDRuntime (0.0.4):
    - libffi-core
  - ZDToolKit/ZDSubclass (0.0.4):
    - ZDToolKit/ZDTools/ZDProxy
  - ZDToolKit/ZDTools (0.0.4):
    - ZDToolKit/ZDTools/ProtocolKit (= 0.0.4)
    - ZDToolKit/ZDTools/ZDPromise (= 0.0.4)
    - ZDToolKit/ZDTools/ZDProxy (= 0.0.4)
  - ZDToolKit/ZDTools/ProtocolKit (0.0.4)
  - ZDToolKit/ZDTools/ZDPromise (0.0.4)
  - ZDToolKit/ZDTools/ZDProxy (0.0.4)

DEPENDENCIES:
  - Yoga
  - YYModel
  - ZDToolKit (from `https://github.com/faimin/ZDToolKit`, branch `develop`)

SPEC REPOS:
  trunk:
    - libffi-core
    - Yoga
    - YYModel

EXTERNAL SOURCES:
  ZDToolKit:
    :branch: develop
    :git: https://github.com/faimin/ZDToolKit

CHECKOUT OPTIONS:
  ZDToolKit:
    :commit: 2aeff358b85e70343afe14e2ba3c515195fd755b
    :git: https://github.com/faimin/ZDToolKit

SPEC CHECKSUMS:
  libffi-core: c4049ed88381fee5c0a31d26c860fc427d3c301c
  Yoga: cff67a400f6b74dc38eb0bad4f156673d9aa980c
  YYModel: 2a7fdd96aaa4b86a824e26d0c517de8928c04b30
  ZDToolKit: 2dc08339509ad9b9fe36472d4bc6f46e12c5ce30

PODFILE CHECKSUM: e39b710c5a031028a3677662ebba34ff6d10ea09

COCOAPODS: 1.8.3
